
Microsoft Visual Studio Solution File, Format Version 12.00
# Visual Studio Version 17
VisualStudioVersion = 17.3.32929.385
MinimumVisualStudioVersion = 10.0.40219.1
Project("{FAE04EC0-301F-11D3-BF4B-00C04F79EFBC}") = "BadAppleUWP", "BadAppleUWP\BadAppleUWP.csproj", "{05749176-9480-4920-A5F9-D3DC4ECEA58C}"
EndProject
Global
	GlobalSection(SolutionConfigurationPlatforms) = preSolution
		Debug|ARM = Debug|ARM
		Debug|ARM64 = Debug|ARM64
		Debug|x64 = Debug|x64
		Debug|x86 = Debug|x86
		Release|ARM = Release|ARM
		Release|ARM64 = Release|ARM64
		Release|x64 = Release|x64
		Release|x86 = Release|x86
	EndGlobalSection
	GlobalSection(ProjectConfigurationPlatforms) = postSolution
		{05749176-9480-4920-A5F9-D3DC4ECEA58C}.Debug|ARM.ActiveCfg = Debug|ARM
		{05749176-9480-4920-A5F9-D3DC4ECEA58C}.Debug|ARM.Build.0 = Debug|ARM
		{05749176-9480-4920-A5F9-D3DC4ECEA58C}.Debug|ARM.Deploy.0 = Debug|ARM
		{05749176-9480-4920-A5F9-D3DC4ECEA58C}.Debug|ARM64.ActiveCfg = Debug|ARM64
		{05749176-9480-4920-A5F9-D3DC4ECEA58C}.Debug|ARM64.Build.0 = Debug|ARM64
		{05749176-9480-4920-A5F9-D3DC4ECEA58C}.Debug|ARM64.Deploy.0 = Debug|ARM64
		{05749176-9480-4920-A5F9-D3DC4ECEA58C}.Debug|x64.ActiveCfg = Debug|x64
		{05749176-9480-4920-A5F9-D3DC4ECEA58C}.Debug|x64.Build.0 = Debug|x64
		{05749176-9480-4920-A5F9-D3DC4ECEA58C}.Debug|x64.Deploy.0 = Debug|x64
		{05749176-9480-4920-A5F9-D3DC4ECEA58C}.Debug|x86.ActiveCfg = Debug|x86
		{05749176-9480-4920-A5F9-D3DC4ECEA58C}.Debug|x86.Build.0 = Debug|x86
		{05749176-9480-4920-A5F9-D3DC4ECEA58C}.Debug|x86.Deploy.0 = Debug|x86
		{05749176-9480-4920-A5F9-D3DC4ECEA58C}.Release|ARM.ActiveCfg = Release|ARM
		{05749176-9480-4920-A5F9-D3DC4ECEA58C}.Release|ARM.Build.0 = Release|ARM
		{05749176-9480-4920-A5F9-D3DC4ECEA58C}.Release|ARM.Deploy.0 = Release|ARM
		{05749176-9480-4920-A5F9-D3DC4ECEA58C}.Release|ARM64.ActiveCfg = Release|ARM64
		{05749176-9480-4920-A5F9-D3DC4ECEA58C}.Release|ARM64.Build.0 = Release|ARM64
		{05749176-9480-4920-A5F9-D3DC4ECEA58C}.Release|ARM64.Deploy.0 = Release|ARM64
		{05749176-9480-4920-A5F9-D3DC4ECEA58C}.Release|x64.ActiveCfg = Release|x64
		{05749176-9480-4920-A5F9-D3DC4ECEA58C}.Release|x64.Build.0 = Release|x64
		{05749176-9480-4920-A5F9-D3DC4ECEA58C}.Release|x64.Deploy.0 = Release|x64
		{05749176-9480-4920-A5F9-D3DC4ECEA58C}.Release|x86.ActiveCfg = Release|x86
		{05749176-9480-4920-A5F9-D3DC4ECEA58C}.Release|x86.Build.0 = Release|x86
		{05749176-9480-4920-A5F9-D3DC4ECEA58C}.Release|x86.Deploy.0 = Release|x86
	EndGlobalSection
	GlobalSection(SolutionProperties) = preSolution
		HideSolutionNode = FALSE
	EndGlobalSection
	GlobalSection(ExtensibilityGlobals) = postSolution
		SolutionGuid = {68B221E0-25B4-4441-8EFA-349606F8F664}
	EndGlobalSection
EndGlobal
